// !$*UTF8*$!
{
	archiveVersion = 1;
	classes = {
	};
	objectVersion = 52;
	objects = {

/* Begin PBXBuildFile section */
		752E4B152692211200A4AA04 /* PlanetRingView.swift in Sources */ = {isa = PBXBuildFile; fileRef = 752E4B142692211200A4AA04 /* PlanetRingView.swift */; };
		752E4B1726922F1300A4AA04 /* PlanetEllipseView.swift in Sources */ = {isa = PBXBuildFile; fileRef = 752E4B1626922F1300A4AA04 /* PlanetEllipseView.swift */; };
		7593C2922690CFA7002FC206 /* SpaceKit in Frameworks */ = {isa = PBXBuildFile; productRef = 7593C2912690CFA7002FC206 /* SpaceKit */; };
		7593C2942690D051002FC206 /* ContentViewModel.swift in Sources */ = {isa = PBXBuildFile; fileRef = 7593C2932690D051002FC206 /* ContentViewModel.swift */; };
		7593C2962690E601002FC206 /* AppDelegate.swift in Sources */ = {isa = PBXBuildFile; fileRef = 7593C2952690E601002FC206 /* AppDelegate.swift */; };
		7593C2982690E694002FC206 /* NASAAPIKey.swift in Sources */ = {isa = PBXBuildFile; fileRef = 7593C2972690E694002FC206 /* NASAAPIKey.swift */; };
		75F66323266D283C00018D48 /* AstroSwiftApp.swift in Sources */ = {isa = PBXBuildFile; fileRef = 75F66322266D283C00018D48 /* AstroSwiftApp.swift */; };
		75F66325266D283C00018D48 /* ContentView.swift in Sources */ = {isa = PBXBuildFile; fileRef = 75F66324266D283C00018D48 /* ContentView.swift */; };
		75F66327266D283C00018D48 /* Assets.xcassets in Resources */ = {isa = PBXBuildFile; fileRef = 75F66326266D283C00018D48 /* Assets.xcassets */; };
		75F6632A266D283C00018D48 /* Preview Assets.xcassets in Resources */ = {isa = PBXBuildFile; fileRef = 75F66329266D283C00018D48 /* Preview Assets.xcassets */; };
		75FDFE062693539900EB867B /* SolarSystemView.swift in Sources */ = {isa = PBXBuildFile; fileRef = 75FDFE052693539900EB867B /* SolarSystemView.swift */; };
		75FDFE082693539F00EB867B /* SolarSystemViewModel.swift in Sources */ = {isa = PBXBuildFile; fileRef = 75FDFE072693539F00EB867B /* SolarSystemViewModel.swift */; };
/* End PBXBuildFile section */

/* Begin PBXFileReference section */
		752E4B142692211200A4AA04 /* PlanetRingView.swift */ = {isa = PBXFileReference; lastKnownFileType = sourcecode.swift; path = PlanetRingView.swift; sourceTree = "<group>"; };
		752E4B1626922F1300A4AA04 /* PlanetEllipseView.swift */ = {isa = PBXFileReference; lastKnownFileType = sourcecode.swift; path = PlanetEllipseView.swift; sourceTree = "<group>"; };
		7593C2932690D051002FC206 /* ContentViewModel.swift */ = {isa = PBXFileReference; lastKnownFileType = sourcecode.swift; path = ContentViewModel.swift; sourceTree = "<group>"; };
		7593C2952690E601002FC206 /* AppDelegate.swift */ = {isa = PBXFileReference; lastKnownFileType = sourcecode.swift; path = AppDelegate.swift; sourceTree = "<group>"; };
		7593C2972690E694002FC206 /* NASAAPIKey.swift */ = {isa = PBXFileReference; lastKnownFileType = sourcecode.swift; path = NASAAPIKey.swift; sourceTree = "<group>"; };
		75F6631F266D283C00018D48 /* AstroSwift.app */ = {isa = PBXFileReference; explicitFileType = wrapper.application; includeInIndex = 0; path = AstroSwift.app; sourceTree = BUILT_PRODUCTS_DIR; };
		75F66322266D283C00018D48 /* AstroSwiftApp.swift */ = {isa = PBXFileReference; lastKnownFileType = sourcecode.swift; path = AstroSwiftApp.swift; sourceTree = "<group>"; };
		75F66324266D283C00018D48 /* ContentView.swift */ = {isa = PBXFileReference; lastKnownFileType = sourcecode.swift; path = ContentView.swift; sourceTree = "<group>"; };
		75F66326266D283C00018D48 /* Assets.xcassets */ = {isa = PBXFileReference; lastKnownFileType = folder.assetcatalog; path = Assets.xcassets; sourceTree = "<group>"; };
		75F66329266D283C00018D48 /* Preview Assets.xcassets */ = {isa = PBXFileReference; lastKnownFileType = folder.assetcatalog; path = "Preview Assets.xcassets"; sourceTree = "<group>"; };
		75F6632B266D283C00018D48 /* Info.plist */ = {isa = PBXFileReference; lastKnownFileType = text.plist.xml; path = Info.plist; sourceTree = "<group>"; };
		75FDFE052693539900EB867B /* SolarSystemView.swift */ = {isa = PBXFileReference; lastKnownFileType = sourcecode.swift; path = SolarSystemView.swift; sourceTree = "<group>"; };
		75FDFE072693539F00EB867B /* SolarSystemViewModel.swift */ = {isa = PBXFileReference; lastKnownFileType = sourcecode.swift; path = SolarSystemViewModel.swift; sourceTree = "<group>"; };
/* End PBXFileReference section */

/* Begin PBXFrameworksBuildPhase section */
		75F6631C266D283C00018D48 /* Frameworks */ = {
			isa = PBXFrameworksBuildPhase;
			buildActionMask = 2147483647;
			files = (
				7593C2922690CFA7002FC206 /* SpaceKit in Frameworks */,
			);
			runOnlyForDeploymentPostprocessing = 0;
		};
/* End PBXFrameworksBuildPhase section */

/* Begin PBXGroup section */
		7593C2902690CFA7002FC206 /* Frameworks */ = {
			isa = PBXGroup;
			children = (
			);
			name = Frameworks;
			sourceTree = "<group>";
		};
		75F66316266D283C00018D48 = {
			isa = PBXGroup;
			children = (
				75F66321266D283C00018D48 /* AstroSwift */,
				75F66320266D283C00018D48 /* Products */,
				7593C2902690CFA7002FC206 /* Frameworks */,
			);
			sourceTree = "<group>";
		};
		75F66320266D283C00018D48 /* Products */ = {
			isa = PBXGroup;
			children = (
				75F6631F266D283C00018D48 /* AstroSwift.app */,
			);
			name = Products;
			sourceTree = "<group>";
		};
		75F66321266D283C00018D48 /* AstroSwift */ = {
			isa = PBXGroup;
			children = (
				75F66322266D283C00018D48 /* AstroSwiftApp.swift */,
				75F66324266D283C00018D48 /* ContentView.swift */,
				75FDFE052693539900EB867B /* SolarSystemView.swift */,
				75FDFE072693539F00EB867B /* SolarSystemViewModel.swift */,
				7593C2932690D051002FC206 /* ContentViewModel.swift */,
				75F66326266D283C00018D48 /* Assets.xcassets */,
				75F6632B266D283C00018D48 /* Info.plist */,
				75F66328266D283C00018D48 /* Preview Content */,
				7593C2952690E601002FC206 /* AppDelegate.swift */,
				7593C2972690E694002FC206 /* NASAAPIKey.swift */,
				752E4B142692211200A4AA04 /* PlanetRingView.swift */,
				752E4B1626922F1300A4AA04 /* PlanetEllipseView.swift */,
			);
			path = AstroSwift;
			sourceTree = "<group>";
		};
		75F66328266D283C00018D48 /* Preview Content */ = {
			isa = PBXGroup;
			children = (
				75F66329266D283C00018D48 /* Preview Assets.xcassets */,
			);
			path = "Preview Content";
			sourceTree = "<group>";
		};
/* End PBXGroup section */

/* Begin PBXNativeTarget section */
		75F6631E266D283C00018D48 /* AstroSwift */ = {
			isa = PBXNativeTarget;
			buildConfigurationList = 75F6632E266D283C00018D48 /* Build configuration list for PBXNativeTarget "AstroSwift" */;
			buildPhases = (
				75F6631B266D283C00018D48 /* Sources */,
				75F6631C266D283C00018D48 /* Frameworks */,
				75F6631D266D283C00018D48 /* Resources */,
			);
			buildRules = (
			);
			dependencies = (
			);
			name = AstroSwift;
			packageProductDependencies = (
				7593C2912690CFA7002FC206 /* SpaceKit */,
			);
			productName = AstroSwift;
			productReference = 75F6631F266D283C00018D48 /* AstroSwift.app */;
			productType = "com.apple.product-type.application";
		};
/* End PBXNativeTarget section */

/* Begin PBXProject section */
		75F66317266D283C00018D48 /* Project object */ = {
			isa = PBXProject;
			attributes = {
				LastSwiftUpdateCheck = 1250;
				LastUpgradeCheck = 1250;
				TargetAttributes = {
					75F6631E266D283C00018D48 = {
						CreatedOnToolsVersion = 12.5;
					};
				};
			};
			buildConfigurationList = 75F6631A266D283C00018D48 /* Build configuration list for PBXProject "AstroSwift" */;
			compatibilityVersion = "Xcode 9.3";
			developmentRegion = en;
			hasScannedForEncodings = 0;
			knownRegions = (
				en,
				Base,
			);
			mainGroup = 75F66316266D283C00018D48;
			productRefGroup = 75F66320266D283C00018D48 /* Products */;
			projectDirPath = "";
			projectRoot = "";
			targets = (
				75F6631E266D283C00018D48 /* AstroSwift */,
			);
		};
/* End PBXProject section */

/* Begin PBXResourcesBuildPhase section */
		75F6631D266D283C00018D48 /* Resources */ = {
			isa = PBXResourcesBuildPhase;
			buildActionMask = 2147483647;
			files = (
				75F6632A266D283C00018D48 /* Preview Assets.xcassets in Resources */,
				75F66327266D283C00018D48 /* Assets.xcassets in Resources */,
			);
			runOnlyForDeploymentPostprocessing = 0;
		};
/* End PBXResourcesBuildPhase section */

/* Begin PBXSourcesBuildPhase section */
		75F6631B266D283C00018D48 /* Sources */ = {
			isa = PBXSourcesBuildPhase;
			buildActionMask = 2147483647;
			files = (
				7593C2962690E601002FC206 /* AppDelegate.swift in Sources */,
				75FDFE082693539F00EB867B /* SolarSystemViewModel.swift in Sources */,
				75FDFE062693539900EB867B /* SolarSystemView.swift in Sources */,
				75F66325266D283C00018D48 /* ContentView.swift in Sources */,
				7593C2982690E694002FC206 /* NASAAPIKey.swift in Sources */,
				752E4B1726922F1300A4AA04 /* PlanetEllipseView.swift in Sources */,
				75F66323266D283C00018D48 /* AstroSwiftApp.swift in Sources */,
				752E4B152692211200A4AA04 /* PlanetRingView.swift in Sources */,
				7593C2942690D051002FC206 /* ContentViewModel.swift in Sources */,
			);
			runOnlyForDeploymentPostprocessing = 0;
		};
/* End PBXSourcesBuildPhase section */

/* Begin XCBuildConfiguration section */
		75F6632C266D283C00018D48 /* Debug */ = {
			isa = XCBuildConfiguration;
			buildSettings = {
				ALWAYS_SEARCH_USER_PATHS = NO;
				CLANG_ANALYZER_NONNULL = YES;
				CLANG_ANALYZER_NUMBER_OBJECT_CONVERSION = YES_AGGRESSIVE;
				CLANG_CXX_LANGUAGE_STANDARD = "gnu++14";
				CLANG_CXX_LIBRARY = "libc++";
				CLANG_ENABLE_MODULES = YES;
				CLANG_ENABLE_OBJC_ARC = YES;
				CLANG_ENABLE_OBJC_WEAK = YES;
				CLANG_WARN_BLOCK_CAPTURE_AUTORELEASING = YES;
				CLANG_WARN_BOOL_CONVERSION = YES;
				CLANG_WARN_COMMA = YES;
				CLANG_WARN_CONSTANT_CONVERSION = YES;
				CLANG_WARN_DEPRECATED_OBJC_IMPLEMENTATIONS = YES;
				CLANG_WARN_DIRECT_OBJC_ISA_USAGE = YES_ERROR;
				CLANG_WARN_DOCUMENTATION_COMMENTS = YES;
				CLANG_WARN_EMPTY_BODY = YES;
				CLANG_WARN_ENUM_CONVERSION = YES;
				CLANG_WARN_INFINITE_RECURSION = YES;
				CLANG_WARN_INT_CONVERSION = YES;
				CLANG_WARN_NON_LITERAL_NULL_CONVERSION = YES;
				CLANG_WARN_OBJC_IMPLICIT_RETAIN_SELF = YES;
				CLANG_WARN_OBJC_LITERAL_CONVERSION = YES;
				CLANG_WARN_OBJC_ROOT_CLASS = YES_ERROR;
				CLANG_WARN_QUOTED_INCLUDE_IN_FRAMEWORK_HEADER = YES;
				CLANG_WARN_RANGE_LOOP_ANALYSIS = YES;
				CLANG_WARN_STRICT_PROTOTYPES = YES;
				CLANG_WARN_SUSPICIOUS_MOVE = YES;
				CLANG_WARN_UNGUARDED_AVAILABILITY = YES_AGGRESSIVE;
				CLANG_WARN_UNREACHABLE_CODE = YES;
				CLANG_WARN__DUPLICATE_METHOD_MATCH = YES;
				COPY_PHASE_STRIP = NO;
				DEBUG_INFORMATION_FORMAT = dwarf;
				ENABLE_STRICT_OBJC_MSGSEND = YES;
				ENABLE_TESTABILITY = YES;
				GCC_C_LANGUAGE_STANDARD = gnu11;
				GCC_DYNAMIC_NO_PIC = NO;
				GCC_NO_COMMON_BLOCKS = YES;
				GCC_OPTIMIZATION_LEVEL = 0;
				GCC_PREPROCESSOR_DEFINITIONS = (
					"DEBUG=1",
					"$(inherited)",
				);
				GCC_WARN_64_TO_32_BIT_CONVERSION = YES;
				GCC_WARN_ABOUT_RETURN_TYPE = YES_ERROR;
				GCC_WARN_UNDECLARED_SELECTOR = YES;
				GCC_WARN_UNINITIALIZED_AUTOS = YES_AGGRESSIVE;
				GCC_WARN_UNUSED_FUNCTION = YES;
				GCC_WARN_UNUSED_VARIABLE = YES;
				IPHONEOS_DEPLOYMENT_TARGET = 14.5;
				MTL_ENABLE_DEBUG_INFO = INCLUDE_SOURCE;
				MTL_FAST_MATH = YES;
				ONLY_ACTIVE_ARCH = YES;
				SDKROOT = iphoneos;
				SWIFT_ACTIVE_COMPILATION_CONDITIONS = DEBUG;
				SWIFT_OPTIMIZATION_LEVEL = "-Onone";
			};
			name = Debug;
		};
		75F6632D266D283C00018D48 /* Release */ = {
			isa = XCBuildConfiguration;
			buildSettings = {
				ALWAYS_SEARCH_USER_PATHS = NO;
				CLANG_ANALYZER_NONNULL = YES;
				CLANG_ANALYZER_NUMBER_OBJECT_CONVERSION = YES_AGGRESSIVE;
				CLANG_CXX_LANGUAGE_STANDARD = "gnu++14";
				CLANG_CXX_LIBRARY = "libc++";
				CLANG_ENABLE_MODULES = YES;
				CLANG_ENABLE_OBJC_ARC = YES;
				CLANG_ENABLE_OBJC_WEAK = YES;
				CLANG_WARN_BLOCK_CAPTURE_AUTORELEASING = YES;
				CLANG_WARN_BOOL_CONVERSION = YES;
				CLANG_WARN_COMMA = YES;
				CLANG_WARN_CONSTANT_CONVERSION = YES;
				CLANG_WARN_DEPRECATED_OBJC_IMPLEMENTATIONS = YES;
				CLANG_WARN_DIRECT_OBJC_ISA_USAGE = YES_ERROR;
				CLANG_WARN_DOCUMENTATION_COMMENTS = YES;
				CLANG_WARN_EMPTY_BODY = YES;
				CLANG_WARN_ENUM_CONVERSION = YES;
				CLANG_WARN_INFINITE_RECURSION = YES;
				CLANG_WARN_INT_CONVERSION = YES;
				CLANG_WARN_NON_LITERAL_NULL_CONVERSION = YES;
				CLANG_WARN_OBJC_IMPLICIT_RETAIN_SELF = YES;
				CLANG_WARN_OBJC_LITERAL_CONVERSION = YES;
				CLANG_WARN_OBJC_ROOT_CLASS = YES_ERROR;
				CLANG_WARN_QUOTED_INCLUDE_IN_FRAMEWORK_HEADER = YES;
				CLANG_WARN_RANGE_LOOP_ANALYSIS = YES;
				CLANG_WARN_STRICT_PROTOTYPES = YES;
				CLANG_WARN_SUSPICIOUS_MOVE = YES;
				CLANG_WARN_UNGUARDED_AVAILABILITY = YES_AGGRESSIVE;
				CLANG_WARN_UNREACHABLE_CODE = YES;
				CLANG_WARN__DUPLICATE_METHOD_MATCH = YES;
				COPY_PHASE_STRIP = NO;
				DEBUG_INFORMATION_FORMAT = "dwarf-with-dsym";
				ENABLE_NS_ASSERTIONS = NO;
				ENABLE_STRICT_OBJC_MSGSEND = YES;
				GCC_C_LANGUAGE_STANDARD = gnu11;
				GCC_NO_COMMON_BLOCKS = YES;
				GCC_WARN_64_TO_32_BIT_CONVERSION = YES;
				GCC_WARN_ABOUT_RETURN_TYPE = YES_ERROR;
				GCC_WARN_UNDECLARED_SELECTOR = YES;
				GCC_WARN_UNINITIALIZED_AUTOS = YES_AGGRESSIVE;
				GCC_WARN_UNUSED_FUNCTION = YES;
				GCC_WARN_UNUSED_VARIABLE = YES;
				IPHONEOS_DEPLOYMENT_TARGET = 14.5;
				MTL_ENABLE_DEBUG_INFO = NO;
				MTL_FAST_MATH = YES;
				SDKROOT = iphoneos;
				SWIFT_COMPILATION_MODE = wholemodule;
				SWIFT_OPTIMIZATION_LEVEL = "-O";
				VALIDATE_PRODUCT = YES;
			};
			name = Release;
		};
		75F6632F266D283C00018D48 /* Debug */ = {
			isa = XCBuildConfiguration;
			buildSettings = {
				ASSETCATALOG_COMPILER_APPICON_NAME = AppIcon;
				ASSETCATALOG_COMPILER_GLOBAL_ACCENT_COLOR_NAME = AccentColor;
				CODE_SIGN_STYLE = Automatic;
				DEVELOPMENT_ASSET_PATHS = "\"AstroSwift/Preview Content\"";
				DEVELOPMENT_TEAM = ELT5AES94A;
				ENABLE_PREVIEWS = YES;
				INFOPLIST_FILE = AstroSwift/Info.plist;
				IPHONEOS_DEPLOYMENT_TARGET = 15.0;
				LD_RUNPATH_SEARCH_PATHS = (
					"$(inherited)",
					"@executable_path/Frameworks",
				);
				PRODUCT_BUNDLE_IDENTIFIER = com.daltonclaybrook.AstroSwift;
				PRODUCT_NAME = "$(TARGET_NAME)";
				SWIFT_VERSION = 5.0;
				TARGETED_DEVICE_FAMILY = "1,2";
			};
			name = Debug;
		};
		75F66330266D283C00018D48 /* Release */ = {
			isa = XCBuildConfiguration;
			buildSettings = {
				ASSETCATALOG_COMPILER_APPICON_NAME = AppIcon;
				ASSETCATALOG_COMPILER_GLOBAL_ACCENT_COLOR_NAME = AccentColor;
				CODE_SIGN_STYLE = Automatic;
				DEVELOPMENT_ASSET_PATHS = "\"AstroSwift/Preview Content\"";
				DEVELOPMENT_TEAM = ELT5AES94A;
				ENABLE_PREVIEWS = YES;
				INFOPLIST_FILE = AstroSwift/Info.plist;
				IPHONEOS_DEPLOYMENT_TARGET = 15.0;
				LD_RUNPATH_SEARCH_PATHS = (
					"$(inherited)",
					"@executable_path/Frameworks",
				);
				PRODUCT_BUNDLE_IDENTIFIER = com.daltonclaybrook.AstroSwift;
				PRODUCT_NAME = "$(TARGET_NAME)";
				SWIFT_VERSION = 5.0;
				TARGETED_DEVICE_FAMILY = "1,2";
			};
			name = Release;
		};
/* End XCBuildConfiguration section */

/* Begin XCConfigurationList section */
		75F6631A266D283C00018D48 /* Build configuration list for PBXProject "AstroSwift" */ = {
			isa = XCConfigurationList;
			buildConfigurations = (
				75F6632C266D283C00018D48 /* Debug */,
				75F6632D266D283C00018D48 /* Release */,
			);
			defaultConfigurationIsVisible = 0;
			defaultConfigurationName = Release;
		};
		75F6632E266D283C00018D48 /* Build configuration list for PBXNativeTarget "AstroSwift" */ = {
			isa = XCConfigurationList;
			buildConfigurations = (
				75F6632F266D283C00018D48 /* Debug */,
				75F66330266D283C00018D48 /* Release */,
			);
			defaultConfigurationIsVisible = 0;
			defaultConfigurationName = Release;
		};
/* End XCConfigurationList section */

/* Begin XCSwiftPackageProductDependency section */
		7593C2912690CFA7002FC206 /* SpaceKit */ = {
			isa = XCSwiftPackageProductDependency;
			productName = SpaceKit;
		};
/* End XCSwiftPackageProductDependency section */
	};
	rootObject = 75F66317266D283C00018D48 /* Project object */;
}
